
Microsoft Visual Studio Solution File, Format Version 12.00
# Visual Studio Version 16
VisualStudioVersion = 16.0.29418.71
MinimumVisualStudioVersion = 10.0.40219.1
Project("{9A19103F-16F7-4668-BE54-9A1E7A4F7556}") = "1. Easter Cozonacs", "1. Easter Cozonacs\1. Easter Cozonacs.csproj", "{AE8B0CB9-747E-4454-BC78-7310F2A803CB}"
EndProject
Project("{9A19103F-16F7-4668-BE54-9A1E7A4F7556}") = "2. Easter Gifts", "2. Easter Gifts\2. Easter Gifts.csproj", "{2A7A7A04-DB87-4DD5-B811-2C72DFA6CDC3}"
EndProject
Project("{9A19103F-16F7-4668-BE54-9A1E7A4F7556}") = "3. Easter Shopping", "3. Easter Shopping\3. Easter Shopping.csproj", "{C7AF9E89-C117-4833-B14A-E1805E7A037A}"
EndProject
Global
	GlobalSection(SolutionConfigurationPlatforms) = preSolution
		Debug|Any CPU = Debug|Any CPU
		Release|Any CPU = Release|Any CPU
	EndGlobalSection
	GlobalSection(ProjectConfigurationPlatforms) = postSolution
		{AE8B0CB9-747E-4454-BC78-7310F2A803CB}.Debug|Any CPU.ActiveCfg = Debug|Any CPU
		{AE8B0CB9-747E-4454-BC78-7310F2A803CB}.Debug|Any CPU.Build.0 = Debug|Any CPU
		{AE8B0CB9-747E-4454-BC78-7310F2A803CB}.Release|Any CPU.ActiveCfg = Release|Any CPU
		{AE8B0CB9-747E-4454-BC78-7310F2A803CB}.Release|Any CPU.Build.0 = Release|Any CPU
		{2A7A7A04-DB87-4DD5-B811-2C72DFA6CDC3}.Debug|Any CPU.ActiveCfg = Debug|Any CPU
		{2A7A7A04-DB87-4DD5-B811-2C72DFA6CDC3}.Debug|Any CPU.Build.0 = Debug|Any CPU
		{2A7A7A04-DB87-4DD5-B811-2C72DFA6CDC3}.Release|Any CPU.ActiveCfg = Release|Any CPU
		{2A7A7A04-DB87-4DD5-B811-2C72DFA6CDC3}.Release|Any CPU.Build.0 = Release|Any CPU
		{C7AF9E89-C117-4833-B14A-E1805E7A037A}.Debug|Any CPU.ActiveCfg = Debug|Any CPU
		{C7AF9E89-C117-4833-B14A-E1805E7A037A}.Debug|Any CPU.Build.0 = Debug|Any CPU
		{C7AF9E89-C117-4833-B14A-E1805E7A037A}.Release|Any CPU.ActiveCfg = Release|Any CPU
		{C7AF9E89-C117-4833-B14A-E1805E7A037A}.Release|Any CPU.Build.0 = Release|Any CPU
	EndGlobalSection
	GlobalSection(SolutionProperties) = preSolution
		HideSolutionNode = FALSE
	EndGlobalSection
	GlobalSection(ExtensibilityGlobals) = postSolution
		SolutionGuid = {23C0642E-0A9D-4709-9B89-C273BC65A0CC}
	EndGlobalSection
EndGlobal
