
Microsoft Visual Studio Solution File, Format Version 12.00
# Visual Studio Version 16
VisualStudioVersion = 16.0.30406.217
MinimumVisualStudioVersion = 15.0.26124.0
Project("{9A19103F-16F7-4668-BE54-9A1E7A4F7556}") = "VaporStore", "VaporStore.csproj", "{BCFA387B-E899-4FD6-907F-CB055662A3B4}"
EndProject
Global
	GlobalSection(SolutionConfigurationPlatforms) = preSolution
		Debug|Any CPU = Debug|Any CPU
		Release|Any CPU = Release|Any CPU
	EndGlobalSection
	GlobalSection(ProjectConfigurationPlatforms) = postSolution
		{BCFA387B-E899-4FD6-907F-CB055662A3B4}.Debug|Any CPU.ActiveCfg = Debug|Any CPU
		{BCFA387B-E899-4FD6-907F-CB055662A3B4}.Debug|Any CPU.Build.0 = Debug|Any CPU
		{BCFA387B-E899-4FD6-907F-CB055662A3B4}.Release|Any CPU.ActiveCfg = Release|Any CPU
		{BCFA387B-E899-4FD6-907F-CB055662A3B4}.Release|Any CPU.Build.0 = Release|Any CPU
	EndGlobalSection
	GlobalSection(SolutionProperties) = preSolution
		HideSolutionNode = FALSE
	EndGlobalSection
	GlobalSection(ExtensibilityGlobals) = postSolution
		SolutionGuid = {FBEB71AA-87CB-4B76-896C-17FECDAC9498}
	EndGlobalSection
EndGlobal
